
Microsoft Visual Studio Solution File, Format Version 12.00
# Visual Studio 15
VisualStudioVersion = 15.0.28010.2050
MinimumVisualStudioVersion = 10.0.40219.1
Project("{FAE04EC0-301F-11D3-BF4B-00C04F79EFBC}") = "Weather check", "ConsoleApp1\Weather check.csproj", "{70D672EA-7E46-4B96-9392-4034B685CBFA}"
EndProject
Project("{FAE04EC0-301F-11D3-BF4B-00C04F79EFBC}") = "UnitTestsforWeatherCheck", "UnitTestsforWeatherCheck\UnitTestsforWeatherCheck.csproj", "{C65C6F22-B612-464D-A61B-0B9C98DBFD50}"
EndProject
Global
	GlobalSection(SolutionConfigurationPlatforms) = preSolution
		Debug|Any CPU = Debug|Any CPU
		Release|Any CPU = Release|Any CPU
	EndGlobalSection
	GlobalSection(ProjectConfigurationPlatforms) = postSolution
		{70D672EA-7E46-4B96-9392-4034B685CBFA}.Debug|Any CPU.ActiveCfg = Debug|Any CPU
		{70D672EA-7E46-4B96-9392-4034B685CBFA}.Debug|Any CPU.Build.0 = Debug|Any CPU
		{70D672EA-7E46-4B96-9392-4034B685CBFA}.Release|Any CPU.ActiveCfg = Release|Any CPU
		{70D672EA-7E46-4B96-9392-4034B685CBFA}.Release|Any CPU.Build.0 = Release|Any CPU
		{C65C6F22-B612-464D-A61B-0B9C98DBFD50}.Debug|Any CPU.ActiveCfg = Debug|Any CPU
		{C65C6F22-B612-464D-A61B-0B9C98DBFD50}.Debug|Any CPU.Build.0 = Debug|Any CPU
		{C65C6F22-B612-464D-A61B-0B9C98DBFD50}.Release|Any CPU.ActiveCfg = Release|Any CPU
		{C65C6F22-B612-464D-A61B-0B9C98DBFD50}.Release|Any CPU.Build.0 = Release|Any CPU
	EndGlobalSection
	GlobalSection(SolutionProperties) = preSolution
		HideSolutionNode = FALSE
	EndGlobalSection
	GlobalSection(ExtensibilityGlobals) = postSolution
		SolutionGuid = {B7FC62A0-9D18-4860-9830-C5D8EE8B2A0A}
	EndGlobalSection
EndGlobal
